
Microsoft Visual Studio Solution File, Format Version 12.00
# Visual Studio Version 16
VisualStudioVersion = 16.0.30804.86
MinimumVisualStudioVersion = 10.0.40219.1
Project("{FAE04EC0-301F-11D3-BF4B-00C04F79EFBC}") = "TeamSpeakWEB", "TeamSpeakWEB\TeamSpeakWEB.csproj", "{5B291784-E9E5-4F89-8C9A-5A85C79A5BCC}"
EndProject
Global
	GlobalSection(SolutionConfigurationPlatforms) = preSolution
		Debug|Any CPU = Debug|Any CPU
		Release|Any CPU = Release|Any CPU
	EndGlobalSection
	GlobalSection(ProjectConfigurationPlatforms) = postSolution
		{5B291784-E9E5-4F89-8C9A-5A85C79A5BCC}.Debug|Any CPU.ActiveCfg = Debug|Any CPU
		{5B291784-E9E5-4F89-8C9A-5A85C79A5BCC}.Debug|Any CPU.Build.0 = Debug|Any CPU
		{5B291784-E9E5-4F89-8C9A-5A85C79A5BCC}.Release|Any CPU.ActiveCfg = Release|Any CPU
		{5B291784-E9E5-4F89-8C9A-5A85C79A5BCC}.Release|Any CPU.Build.0 = Release|Any CPU
	EndGlobalSection
	GlobalSection(SolutionProperties) = preSolution
		HideSolutionNode = FALSE
	EndGlobalSection
	GlobalSection(ExtensibilityGlobals) = postSolution
		SolutionGuid = {D94CDE45-D5BB-47F7-8274-1D97CB05E44F}
	EndGlobalSection
EndGlobal
